PODS:
  - Dynatrace (8.333.1.1005):
    - Dynatrace/xcframework (= 8.333.1.1005)
  - Dynatrace/xcframework (8.333.1.1005)
  - dynatrace_flutter_plugin (3.333.1):
    - Dynatrace (~> 8.333.1.1005)
    - Flutter
  - Flutter (1.0.0)
  - shared_preferences_foundation (0.0.1):
    - Flutter
    - FlutterMacOS
  - url_launcher_ios (0.0.1):
    - Flutter

DEPENDENCIES:
  - dynatrace_flutter_plugin (from `.symlinks/plugins/dynatrace_flutter_plugin/ios`)
  - Flutter (from `Flutter`)
  - shared_preferences_foundation (from `.symlinks/plugins/shared_preferences_foundation/darwin`)
  - url_launcher_ios (from `.symlinks/plugins/url_launcher_ios/ios`)

SPEC REPOS:
  trunk:
    - Dynatrace

EXTERNAL SOURCES:
  dynatrace_flutter_plugin:
    :path: ".symlinks/plugins/dynatrace_flutter_plugin/ios"
  Flutter:
    :path: Flutter
  shared_preferences_foundation:
    :path: ".symlinks/plugins/shared_preferences_foundation/darwin"
  url_launcher_ios:
    :path: ".symlinks/plugins/url_launcher_ios/ios"

SPEC CHECKSUMS:
  Dynatrace: a4137c32af7e92dd9a2aa29eb3a90c874e1b1ccd
  dynatrace_flutter_plugin: 414bd9da8131b71161db9b2811f32257491aafc8
  Flutter: cabc95a1d2626b1b06e7179b784ebcf0c0cde467
  shared_preferences_foundation: 7036424c3d8ec98dfe75ff1667cb0cd531ec82bb
  url_launcher_ios: 7a95fa5b60cc718a708b8f2966718e93db0cef1b

PODFILE CHECKSUM: 3c63482e143d1b91d2d2560aee9fb04ecc74ac7e

COCOAPODS: 1.16.2
